
Microsoft Visual Studio Solution File, Format Version 12.00
# Visual Studio Version 17
VisualStudioVersion = 17.3.32922.545
MinimumVisualStudioVersion = 10.0.40219.1
Project("{FAE04EC0-301F-11D3-BF4B-00C04F79EFBC}") = "DocraptorIssue28Repro", "DocraptorIssue28Repro\DocraptorIssue28Repro.csproj", "{4008A146-D493-4A61-88EB-0A1DD4F940BB}"
EndProject
Project("{2150E333-8FDC-42A3-9474-1A3956D46DE8}") = "Solution Items", "Solution Items", "{524D6E31-8A9E-4EFC-A546-DF808DEC48C0}"
	ProjectSection(SolutionItems) = preProject
		README.md = README.md
	EndProjectSection
EndProject
Global
	GlobalSection(SolutionConfigurationPlatforms) = preSolution
		Debug|Any CPU = Debug|Any CPU
		Release|Any CPU = Release|Any CPU
	EndGlobalSection
	GlobalSection(ProjectConfigurationPlatforms) = postSolution
		{4008A146-D493-4A61-88EB-0A1DD4F940BB}.Debug|Any CPU.ActiveCfg = Debug|Any CPU
		{4008A146-D493-4A61-88EB-0A1DD4F940BB}.Debug|Any CPU.Build.0 = Debug|Any CPU
		{4008A146-D493-4A61-88EB-0A1DD4F940BB}.Release|Any CPU.ActiveCfg = Release|Any CPU
		{4008A146-D493-4A61-88EB-0A1DD4F940BB}.Release|Any CPU.Build.0 = Release|Any CPU
	EndGlobalSection
	GlobalSection(SolutionProperties) = preSolution
		HideSolutionNode = FALSE
	EndGlobalSection
	GlobalSection(ExtensibilityGlobals) = postSolution
		SolutionGuid = {59A24EA5-6621-499C-ABC1-22D12961260B}
	EndGlobalSection
EndGlobal
